// !$*UTF8*$!
{
	archiveVersion = 1;
	classes = {
	};
	objectVersion = 56;
	objects = {

/* Begin PBXBuildFile section */
		CE9092A52C8034E900EBEDBA /* Shader.cpp in Sources */ = {isa = PBXBuildFile; fileRef = CE9092A42C8034E900EBEDBA /* Shader.cpp */; };
		CEF88F342C7EF9C3007DA2B8 /* glad.c in Sources */ = {isa = PBXBuildFile; fileRef = CEF88F312C7EF7E0007DA2B8 /* glad.c */; };
		CEF88F372C7F0295007DA2B8 /* GLFWwindowHelpers.cpp in Sources */ = {isa = PBXBuildFile; fileRef = CEF88F362C7F0295007DA2B8 /* GLFWwindowHelpers.cpp */; };
		CEFDE6502C7EE4EC0069F39C /* main.cpp in Sources */ = {isa = PBXBuildFile; fileRef = CEFDE64F2C7EE4EC0069F39C /* main.cpp */; };
		CEFDE6582C7EEE210069F39C /* OpenGL.framework in Frameworks */ = {isa = PBXBuildFile; fileRef = CEFDE6572C7EEE210069F39C /* OpenGL.framework */; };
		CEFDE65A2C7EEE300069F39C /* IOKit.framework in Frameworks */ = {isa = PBXBuildFile; fileRef = CEFDE6592C7EEE300069F39C /* IOKit.framework */; };
		CEFDE65C2C7EEE360069F39C /* Cocoa.framework in Frameworks */ = {isa = PBXBuildFile; fileRef = CEFDE65B2C7EEE360069F39C /* Cocoa.framework */; };
		CEFDE65E2C7EEE730069F39C /* libglfw3.a in Frameworks */ = {isa = PBXBuildFile; fileRef = CEFDE65D2C7EEE730069F39C /* libglfw3.a */; };
/* End PBXBuildFile section */

/* Begin PBXCopyFilesBuildPhase section */
		CEFDE64A2C7EE4EC0069F39C /* CopyFiles */ = {
			isa = PBXCopyFilesBuildPhase;
			buildActionMask = 2147483647;
			dstPath = /usr/share/man/man1/;
			dstSubfolderSpec = 0;
			files = (
			);
			runOnlyForDeploymentPostprocessing = 1;
		};
/* End PBXCopyFilesBuildPhase section */

/* Begin PBXFileReference section */
		CE9092A12C7FC45C00EBEDBA /* GLUT.framework */ = {isa = PBXFileReference; lastKnownFileType = wrapper.framework; name = GLUT.framework; path = System/Library/Frameworks/GLUT.framework; sourceTree = SDKROOT; };
		CE9092A32C8034DC00EBEDBA /* Shader.h */ = {isa = PBXFileReference; lastKnownFileType = sourcecode.c.h; path = Shader.h; sourceTree = "<group>"; };
		CE9092A42C8034E900EBEDBA /* Shader.cpp */ = {isa = PBXFileReference; lastKnownFileType = sourcecode.cpp.cpp; path = Shader.cpp; sourceTree = "<group>"; };
		CE9092A72C80381D00EBEDBA /* vertexshader.vs */ = {isa = PBXFileReference; lastKnownFileType = sourcecode.glsl; path = vertexshader.vs; sourceTree = "<group>"; };
		CE9092A82C80382B00EBEDBA /* fragmentshader.fs */ = {isa = PBXFileReference; lastKnownFileType = sourcecode.glsl; path = fragmentshader.fs; sourceTree = "<group>"; };
		CEF88F312C7EF7E0007DA2B8 /* glad.c */ = {isa = PBXFileReference; lastKnownFileType = sourcecode.c.c; name = glad.c; path = "../../../../../../Downloads/glad-2/src/glad.c"; sourceTree = "<group>"; };
		CEF88F352C7F0244007DA2B8 /* GLFWwindowHelpers.h */ = {isa = PBXFileReference; lastKnownFileType = sourcecode.c.h; path = GLFWwindowHelpers.h; sourceTree = "<group>"; };
		CEF88F362C7F0295007DA2B8 /* GLFWwindowHelpers.cpp */ = {isa = PBXFileReference; lastKnownFileType = sourcecode.cpp.cpp; path = GLFWwindowHelpers.cpp; sourceTree = "<group>"; };
		CEFDE64C2C7EE4EC0069F39C /* Wolf3DClone */ = {isa = PBXFileReference; explicitFileType = "compiled.mach-o.executable"; includeInIndex = 0; path = Wolf3DClone; sourceTree = BUILT_PRODUCTS_DIR; };
		CEFDE64F2C7EE4EC0069F39C /* main.cpp */ = {isa = PBXFileReference; lastKnownFileType = sourcecode.cpp.cpp; path = main.cpp; sourceTree = "<group>"; };
		CEFDE6572C7EEE210069F39C /* OpenGL.framework */ = {isa = PBXFileReference; lastKnownFileType = wrapper.framework; name = OpenGL.framework; path = System/Library/Frameworks/OpenGL.framework; sourceTree = SDKROOT; };
		CEFDE6592C7EEE300069F39C /* IOKit.framework */ = {isa = PBXFileReference; lastKnownFileType = wrapper.framework; name = IOKit.framework; path = System/Library/Frameworks/IOKit.framework; sourceTree = SDKROOT; };
		CEFDE65B2C7EEE360069F39C /* Cocoa.framework */ = {isa = PBXFileReference; lastKnownFileType = wrapper.framework; name = Cocoa.framework; path = System/Library/Frameworks/Cocoa.framework; sourceTree = SDKROOT; };
		CEFDE65D2C7EEE730069F39C /* libglfw3.a */ = {isa = PBXFileReference; lastKnownFileType = archive.ar; name = libglfw3.a; path = ../../../../../../usr/local/lib/libglfw3.a; sourceTree = "<group>"; };
/* End PBXFileReference section */

/* Begin PBXFrameworksBuildPhase section */
		CEFDE6492C7EE4EC0069F39C /* Frameworks */ = {
			isa = PBXFrameworksBuildPhase;
			buildActionMask = 2147483647;
			files = (
				CEFDE65C2C7EEE360069F39C /* Cocoa.framework in Frameworks */,
				CEFDE65A2C7EEE300069F39C /* IOKit.framework in Frameworks */,
				CEFDE6582C7EEE210069F39C /* OpenGL.framework in Frameworks */,
				CEFDE65E2C7EEE730069F39C /* libglfw3.a in Frameworks */,
			);
			runOnlyForDeploymentPostprocessing = 0;
		};
/* End PBXFrameworksBuildPhase section */

/* Begin PBXGroup section */
		CE9092A62C8037BA00EBEDBA /* shader */ = {
			isa = PBXGroup;
			children = (
				CE9092A72C80381D00EBEDBA /* vertexshader.vs */,
				CE9092A82C80382B00EBEDBA /* fragmentshader.fs */,
			);
			path = shader;
			sourceTree = "<group>";
		};
		CEF88F2C2C7EF784007DA2B8 /* include */ = {
			isa = PBXGroup;
			children = (
				CEF88F352C7F0244007DA2B8 /* GLFWwindowHelpers.h */,
				CE9092A32C8034DC00EBEDBA /* Shader.h */,
			);
			path = include;
			sourceTree = "<group>";
		};
		CEF88F2D2C7EF7A5007DA2B8 /* src */ = {
			isa = PBXGroup;
			children = (
				CEF88F312C7EF7E0007DA2B8 /* glad.c */,
				CEF88F362C7F0295007DA2B8 /* GLFWwindowHelpers.cpp */,
				CE9092A42C8034E900EBEDBA /* Shader.cpp */,
			);
			path = src;
			sourceTree = "<group>";
		};
		CEFDE6432C7EE4EC0069F39C = {
			isa = PBXGroup;
			children = (
				CEFDE64E2C7EE4EC0069F39C /* Wolf3DClone */,
				CEFDE64D2C7EE4EC0069F39C /* Products */,
				CEFDE6562C7EEE210069F39C /* Frameworks */,
			);
			sourceTree = "<group>";
		};
		CEFDE64D2C7EE4EC0069F39C /* Products */ = {
			isa = PBXGroup;
			children = (
				CEFDE64C2C7EE4EC0069F39C /* Wolf3DClone */,
			);
			name = Products;
			sourceTree = "<group>";
		};
		CEFDE64E2C7EE4EC0069F39C /* Wolf3DClone */ = {
			isa = PBXGroup;
			children = (
				CE9092A62C8037BA00EBEDBA /* shader */,
				CEF88F2D2C7EF7A5007DA2B8 /* src */,
				CEF88F2C2C7EF784007DA2B8 /* include */,
				CEFDE64F2C7EE4EC0069F39C /* main.cpp */,
			);
			path = Wolf3DClone;
			sourceTree = "<group>";
		};
		CEFDE6562C7EEE210069F39C /* Frameworks */ = {
			isa = PBXGroup;
			children = (
				CE9092A12C7FC45C00EBEDBA /* GLUT.framework */,
				CEFDE65D2C7EEE730069F39C /* libglfw3.a */,
				CEFDE65B2C7EEE360069F39C /* Cocoa.framework */,
				CEFDE6592C7EEE300069F39C /* IOKit.framework */,
				CEFDE6572C7EEE210069F39C /* OpenGL.framework */,
			);
			name = Frameworks;
			sourceTree = "<group>";
		};
/* End PBXGroup section */

/* Begin PBXNativeTarget section */
		CEFDE64B2C7EE4EC0069F39C /* Wolf3DClone */ = {
			isa = PBXNativeTarget;
			buildConfigurationList = CEFDE6532C7EE4EC0069F39C /* Build configuration list for PBXNativeTarget "Wolf3DClone" */;
			buildPhases = (
				CEFDE6482C7EE4EC0069F39C /* Sources */,
				CEFDE6492C7EE4EC0069F39C /* Frameworks */,
				CEFDE64A2C7EE4EC0069F39C /* CopyFiles */,
			);
			buildRules = (
			);
			dependencies = (
			);
			name = Wolf3DClone;
			productName = Wolf3DClone;
			productReference = CEFDE64C2C7EE4EC0069F39C /* Wolf3DClone */;
			productType = "com.apple.product-type.tool";
		};
/* End PBXNativeTarget section */

/* Begin PBXProject section */
		CEFDE6442C7EE4EC0069F39C /* Project object */ = {
			isa = PBXProject;
			attributes = {
				BuildIndependentTargetsInParallel = 1;
				LastUpgradeCheck = 1540;
				TargetAttributes = {
					CEFDE64B2C7EE4EC0069F39C = {
						CreatedOnToolsVersion = 15.4;
					};
				};
			};
			buildConfigurationList = CEFDE6472C7EE4EC0069F39C /* Build configuration list for PBXProject "Wolf3DClone" */;
			compatibilityVersion = "Xcode 14.0";
			developmentRegion = en;
			hasScannedForEncodings = 0;
			knownRegions = (
				en,
				Base,
			);
			mainGroup = CEFDE6432C7EE4EC0069F39C;
			productRefGroup = CEFDE64D2C7EE4EC0069F39C /* Products */;
			projectDirPath = "";
			projectRoot = "";
			targets = (
				CEFDE64B2C7EE4EC0069F39C /* Wolf3DClone */,
			);
		};
/* End PBXProject section */

/* Begin PBXSourcesBuildPhase section */
		CEFDE6482C7EE4EC0069F39C /* Sources */ = {
			isa = PBXSourcesBuildPhase;
			buildActionMask = 2147483647;
			files = (
				CEF88F342C7EF9C3007DA2B8 /* glad.c in Sources */,
				CEFDE6502C7EE4EC0069F39C /* main.cpp in Sources */,
				CE9092A52C8034E900EBEDBA /* Shader.cpp in Sources */,
				CEF88F372C7F0295007DA2B8 /* GLFWwindowHelpers.cpp in Sources */,
			);
			runOnlyForDeploymentPostprocessing = 0;
		};
/* End PBXSourcesBuildPhase section */

/* Begin XCBuildConfiguration section */
		CEFDE6512C7EE4EC0069F39C /* Debug */ = {
			isa = XCBuildConfiguration;
			buildSettings = {
				ALWAYS_SEARCH_USER_PATHS = NO;
				ASSETCATALOG_COMPILER_GENERATE_SWIFT_ASSET_SYMBOL_EXTENSIONS = YES;
				CLANG_ANALYZER_NONNULL = YES;
				CLANG_ANALYZER_NUMBER_OBJECT_CONVERSION = YES_AGGRESSIVE;
				CLANG_CXX_LANGUAGE_STANDARD = "gnu++20";
				CLANG_ENABLE_MODULES = YES;
				CLANG_ENABLE_OBJC_ARC = YES;
				CLANG_ENABLE_OBJC_WEAK = YES;
				CLANG_WARN_BLOCK_CAPTURE_AUTORELEASING = YES;
				CLANG_WARN_BOOL_CONVERSION = YES;
				CLANG_WARN_COMMA = YES;
				CLANG_WARN_CONSTANT_CONVERSION = YES;
				CLANG_WARN_DEPRECATED_OBJC_IMPLEMENTATIONS = YES;
				CLANG_WARN_DIRECT_OBJC_ISA_USAGE = YES_ERROR;
				CLANG_WARN_DOCUMENTATION_COMMENTS = YES;
				CLANG_WARN_EMPTY_BODY = YES;
				CLANG_WARN_ENUM_CONVERSION = YES;
				CLANG_WARN_INFINITE_RECURSION = YES;
				CLANG_WARN_INT_CONVERSION = YES;
				CLANG_WARN_NON_LITERAL_NULL_CONVERSION = YES;
				CLANG_WARN_OBJC_IMPLICIT_RETAIN_SELF = YES;
				CLANG_WARN_OBJC_LITERAL_CONVERSION = YES;
				CLANG_WARN_OBJC_ROOT_CLASS = YES_ERROR;
				CLANG_WARN_QUOTED_INCLUDE_IN_FRAMEWORK_HEADER = YES;
				CLANG_WARN_RANGE_LOOP_ANALYSIS = YES;
				CLANG_WARN_STRICT_PROTOTYPES = YES;
				CLANG_WARN_SUSPICIOUS_MOVE = YES;
				CLANG_WARN_UNGUARDED_AVAILABILITY = YES_AGGRESSIVE;
				CLANG_WARN_UNREACHABLE_CODE = YES;
				CLANG_WARN__DUPLICATE_METHOD_MATCH = YES;
				COPY_PHASE_STRIP = NO;
				DEBUG_INFORMATION_FORMAT = dwarf;
				ENABLE_STRICT_OBJC_MSGSEND = YES;
				ENABLE_TESTABILITY = YES;
				ENABLE_USER_SCRIPT_SANDBOXING = YES;
				GCC_C_LANGUAGE_STANDARD = gnu17;
				GCC_DYNAMIC_NO_PIC = NO;
				GCC_NO_COMMON_BLOCKS = YES;
				GCC_OPTIMIZATION_LEVEL = 0;
				GCC_PREPROCESSOR_DEFINITIONS = (
					"DEBUG=1",
					"$(inherited)",
				);
				GCC_WARN_64_TO_32_BIT_CONVERSION = YES;
				GCC_WARN_ABOUT_RETURN_TYPE = YES_ERROR;
				GCC_WARN_UNDECLARED_SELECTOR = YES;
				GCC_WARN_UNINITIALIZED_AUTOS = YES_AGGRESSIVE;
				GCC_WARN_UNUSED_FUNCTION = YES;
				GCC_WARN_UNUSED_VARIABLE = YES;
				HEADER_SEARCH_PATHS = "";
				"HEADER_SEARCH_PATHS[arch=*]" = "";
				LIBRARY_SEARCH_PATHS = "";
				"LIBRARY_SEARCH_PATHS[arch=*]" = "";
				LOCALIZATION_PREFERS_STRING_CATALOGS = YES;
				MACOSX_DEPLOYMENT_TARGET = 14.5;
				MTL_ENABLE_DEBUG_INFO = INCLUDE_SOURCE;
				MTL_FAST_MATH = YES;
				ONLY_ACTIVE_ARCH = YES;
				SDKROOT = macosx;
			};
			name = Debug;
		};
		CEFDE6522C7EE4EC0069F39C /* Release */ = {
			isa = XCBuildConfiguration;
			buildSettings = {
				ALWAYS_SEARCH_USER_PATHS = NO;
				ASSETCATALOG_COMPILER_GENERATE_SWIFT_ASSET_SYMBOL_EXTENSIONS = YES;
				CLANG_ANALYZER_NONNULL = YES;
				CLANG_ANALYZER_NUMBER_OBJECT_CONVERSION = YES_AGGRESSIVE;
				CLANG_CXX_LANGUAGE_STANDARD = "gnu++20";
				CLANG_ENABLE_MODULES = YES;
				CLANG_ENABLE_OBJC_ARC = YES;
				CLANG_ENABLE_OBJC_WEAK = YES;
				CLANG_WARN_BLOCK_CAPTURE_AUTORELEASING = YES;
				CLANG_WARN_BOOL_CONVERSION = YES;
				CLANG_WARN_COMMA = YES;
				CLANG_WARN_CONSTANT_CONVERSION = YES;
				CLANG_WARN_DEPRECATED_OBJC_IMPLEMENTATIONS = YES;
				CLANG_WARN_DIRECT_OBJC_ISA_USAGE = YES_ERROR;
				CLANG_WARN_DOCUMENTATION_COMMENTS = YES;
				CLANG_WARN_EMPTY_BODY = YES;
				CLANG_WARN_ENUM_CONVERSION = YES;
				CLANG_WARN_INFINITE_RECURSION = YES;
				CLANG_WARN_INT_CONVERSION = YES;
				CLANG_WARN_NON_LITERAL_NULL_CONVERSION = YES;
				CLANG_WARN_OBJC_IMPLICIT_RETAIN_SELF = YES;
				CLANG_WARN_OBJC_LITERAL_CONVERSION = YES;
				CLANG_WARN_OBJC_ROOT_CLASS = YES_ERROR;
				CLANG_WARN_QUOTED_INCLUDE_IN_FRAMEWORK_HEADER = YES;
				CLANG_WARN_RANGE_LOOP_ANALYSIS = YES;
				CLANG_WARN_STRICT_PROTOTYPES = YES;
				CLANG_WARN_SUSPICIOUS_MOVE = YES;
				CLANG_WARN_UNGUARDED_AVAILABILITY = YES_AGGRESSIVE;
				CLANG_WARN_UNREACHABLE_CODE = YES;
				CLANG_WARN__DUPLICATE_METHOD_MATCH = YES;
				COPY_PHASE_STRIP = NO;
				DEBUG_INFORMATION_FORMAT = "dwarf-with-dsym";
				ENABLE_NS_ASSERTIONS = NO;
				ENABLE_STRICT_OBJC_MSGSEND = YES;
				ENABLE_USER_SCRIPT_SANDBOXING = YES;
				GCC_C_LANGUAGE_STANDARD = gnu17;
				GCC_NO_COMMON_BLOCKS = YES;
				GCC_WARN_64_TO_32_BIT_CONVERSION = YES;
				GCC_WARN_ABOUT_RETURN_TYPE = YES_ERROR;
				GCC_WARN_UNDECLARED_SELECTOR = YES;
				GCC_WARN_UNINITIALIZED_AUTOS = YES_AGGRESSIVE;
				GCC_WARN_UNUSED_FUNCTION = YES;
				GCC_WARN_UNUSED_VARIABLE = YES;
				HEADER_SEARCH_PATHS = "";
				"HEADER_SEARCH_PATHS[arch=*]" = "";
				LIBRARY_SEARCH_PATHS = "";
				LOCALIZATION_PREFERS_STRING_CATALOGS = YES;
				MACOSX_DEPLOYMENT_TARGET = 14.5;
				MTL_ENABLE_DEBUG_INFO = NO;
				MTL_FAST_MATH = YES;
				SDKROOT = macosx;
			};
			name = Release;
		};
		CEFDE6542C7EE4EC0069F39C /* Debug */ = {
			isa = XCBuildConfiguration;
			buildSettings = {
				CODE_SIGN_STYLE = Automatic;
				"HEADER_SEARCH_PATHS[arch=*]" = /usr/local/include;
				LIBRARY_SEARCH_PATHS = "";
				"LIBRARY_SEARCH_PATHS[arch=*]" = /usr/local/lib;
				PRODUCT_NAME = "$(TARGET_NAME)";
			};
			name = Debug;
		};
		CEFDE6552C7EE4EC0069F39C /* Release */ = {
			isa = XCBuildConfiguration;
			buildSettings = {
				CODE_SIGN_STYLE = Automatic;
				"HEADER_SEARCH_PATHS[arch=*]" = /usr/local/include;
				LIBRARY_SEARCH_PATHS = "";
				"LIBRARY_SEARCH_PATHS[arch=*]" = /usr/local/lib;
				PRODUCT_NAME = "$(TARGET_NAME)";
			};
			name = Release;
		};
/* End XCBuildConfiguration section */

/* Begin XCConfigurationList section */
		CEFDE6472C7EE4EC0069F39C /* Build configuration list for PBXProject "Wolf3DClone" */ = {
			isa = XCConfigurationList;
			buildConfigurations = (
				CEFDE6512C7EE4EC0069F39C /* Debug */,
				CEFDE6522C7EE4EC0069F39C /* Release */,
			);
			defaultConfigurationIsVisible = 0;
			defaultConfigurationName = Release;
		};
		CEFDE6532C7EE4EC0069F39C /* Build configuration list for PBXNativeTarget "Wolf3DClone" */ = {
			isa = XCConfigurationList;
			buildConfigurations = (
				CEFDE6542C7EE4EC0069F39C /* Debug */,
				CEFDE6552C7EE4EC0069F39C /* Release */,
			);
			defaultConfigurationIsVisible = 0;
			defaultConfigurationName = Release;
		};
/* End XCConfigurationList section */
	};
	rootObject = CEFDE6442C7EE4EC0069F39C /* Project object */;
}
